// !$*UTF8*$!
{
	archiveVersion = 1;
	classes = {
	};
	objectVersion = 50;
	objects = {

/* Begin PBXBuildFile section */
		5335A9339813F9AB472156F3 /* libPods-bookCollection.a in Frameworks */ = {isa = PBXBuildFile; fileRef = 6EC8DF64CC38A2F6B7B289CE /* libPods-bookCollection.a */; };
		B617563322FFC03F00F6DBC1 /* BookBaseModel.m in Sources */ = {isa = PBXBuildFile; fileRef = B617563222FFC03F00F6DBC1 /* BookBaseModel.m */; };
		B617563722FFC18200F6DBC1 /* BookEntity.m in Sources */ = {isa = PBXBuildFile; fileRef = B617563622FFC18200F6DBC1 /* BookEntity.m */; };
		B617563B22FFCC0C00F6DBC1 /* BookAuthor.m in Sources */ = {isa = PBXBuildFile; fileRef = B617563A22FFCC0C00F6DBC1 /* BookAuthor.m */; };
		B617563F22FFCD4300F6DBC1 /* BookTranslator.m in Sources */ = {isa = PBXBuildFile; fileRef = B617563E22FFCD4300F6DBC1 /* BookTranslator.m */; };
		B617564322FFCD8000F6DBC1 /* BookTag.m in Sources */ = {isa = PBXBuildFile; fileRef = B617564222FFCD8000F6DBC1 /* BookTag.m */; };
		B617564722FFD0A800F6DBC1 /* BookDetailViewController.m in Sources */ = {isa = PBXBuildFile; fileRef = B617564622FFD0A800F6DBC1 /* BookDetailViewController.m */; };
		B61C39F322F69BE20020E588 /* BookScannerView.m in Sources */ = {isa = PBXBuildFile; fileRef = B61C39F222F69BE20020E588 /* BookScannerView.m */; };
		B61C39F822FE59100020E588 /* BaseViewController.m in Sources */ = {isa = PBXBuildFile; fileRef = B61C39F722FE59100020E588 /* BaseViewController.m */; };
		B61C39FB22FE59300020E588 /* BaseNavigationController.m in Sources */ = {isa = PBXBuildFile; fileRef = B61C39FA22FE59300020E588 /* BaseNavigationController.m */; };
		B63E94FD22F66C4400B78504 /* AppDelegate.m in Sources */ = {isa = PBXBuildFile; fileRef = B63E94FC22F66C4400B78504 /* AppDelegate.m */; };
		B63E950022F66C4400B78504 /* ViewController.m in Sources */ = {isa = PBXBuildFile; fileRef = B63E94FF22F66C4400B78504 /* ViewController.m */; };
		B63E950322F66C4400B78504 /* Main.storyboard in Resources */ = {isa = PBXBuildFile; fileRef = B63E950122F66C4400B78504 /* Main.storyboard */; };
		B63E950522F66C4600B78504 /* Assets.xcassets in Resources */ = {isa = PBXBuildFile; fileRef = B63E950422F66C4600B78504 /* Assets.xcassets */; };
		B63E950822F66C4600B78504 /* LaunchScreen.storyboard in Resources */ = {isa = PBXBuildFile; fileRef = B63E950622F66C4600B78504 /* LaunchScreen.storyboard */; };
		B63E950B22F66C4600B78504 /* main.m in Sources */ = {isa = PBXBuildFile; fileRef = B63E950A22F66C4600B78504 /* main.m */; };
		B63E951522F66C4600B78504 /* bookCollectionTests.m in Sources */ = {isa = PBXBuildFile; fileRef = B63E951422F66C4600B78504 /* bookCollectionTests.m */; };
		B63E952022F66C4600B78504 /* bookCollectionUITests.m in Sources */ = {isa = PBXBuildFile; fileRef = B63E951F22F66C4600B78504 /* bookCollectionUITests.m */; };
		B63E953022F677BC00B78504 /* BookListViewController.m in Sources */ = {isa = PBXBuildFile; fileRef = B63E952F22F677BC00B78504 /* BookListViewController.m */; };
		B63E953322F677DB00B78504 /* BookScannerViewController.m in Sources */ = {isa = PBXBuildFile; fileRef = B63E953222F677DB00B78504 /* BookScannerViewController.m */; };
		B63E953622F677EC00B78504 /* BookAnalyticsViewController.m in Sources */ = {isa = PBXBuildFile; fileRef = B63E953522F677EC00B78504 /* BookAnalyticsViewController.m */; };
		B63ECF75230908E7008D1560 /* BookDBHelper.m in Sources */ = {isa = PBXBuildFile; fileRef = B63ECF74230908E7008D1560 /* BookDBHelper.m */; };
		B63ECF7B23091302008D1560 /* BaseDao.m in Sources */ = {isa = PBXBuildFile; fileRef = B63ECF7A23091302008D1560 /* BaseDao.m */; };
		B63ECF7E23091330008D1560 /* EntityDao.m in Sources */ = {isa = PBXBuildFile; fileRef = B63ECF7D23091330008D1560 /* EntityDao.m */; };
		B63ECF812309134A008D1560 /* AuthorDao.m in Sources */ = {isa = PBXBuildFile; fileRef = B63ECF802309134A008D1560 /* AuthorDao.m */; };
		B63ECF8423091355008D1560 /* TranslatorDao.m in Sources */ = {isa = PBXBuildFile; fileRef = B63ECF8323091355008D1560 /* TranslatorDao.m */; };
		B63ECF8723091360008D1560 /* TagDao.m in Sources */ = {isa = PBXBuildFile; fileRef = B63ECF8623091360008D1560 /* TagDao.m */; };
		B63ECF8A23091789008D1560 /* BookDetailService.m in Sources */ = {isa = PBXBuildFile; fileRef = B63ECF8923091789008D1560 /* BookDetailService.m */; };
		B6F3E8FF230A718D002A127D /* BookListService.m in Sources */ = {isa = PBXBuildFile; fileRef = B6F3E8FE230A718D002A127D /* BookListService.m */; };
		B6F3E902230A758A002A127D /* BookListTableViewController.m in Sources */ = {isa = PBXBuildFile; fileRef = B6F3E901230A758A002A127D /* BookListTableViewController.m */; };
		B6F3E906230AA178002A127D /* BookBaseTableViewCell.m in Sources */ = {isa = PBXBuildFile; fileRef = B6F3E905230AA178002A127D /* BookBaseTableViewCell.m */; };
		B6F3E909230AA1A3002A127D /* BookListTableViewCell.m in Sources */ = {isa = PBXBuildFile; fileRef = B6F3E908230AA1A3002A127D /* BookListTableViewCell.m */; };
		B6F3E911230AA660002A127D /* BookListTableViewCell+BookEntity.m in Sources */ = {isa = PBXBuildFile; fileRef = B6F3E910230AA660002A127D /* BookListTableViewCell+BookEntity.m */; };
/* End PBXBuildFile section */

/* Begin PBXContainerItemProxy section */
		B63E951122F66C4600B78504 /* PBXContainerItemProxy */ = {
			isa = PBXContainerItemProxy;
			containerPortal = B63E94F022F66C4400B78504 /* Project object */;
			proxyType = 1;
			remoteGlobalIDString = B63E94F722F66C4400B78504;
			remoteInfo = bookCollection;
		};
		B63E951C22F66C4600B78504 /* PBXContainerItemProxy */ = {
			isa = PBXContainerItemProxy;
			containerPortal = B63E94F022F66C4400B78504 /* Project object */;
			proxyType = 1;
			remoteGlobalIDString = B63E94F722F66C4400B78504;
			remoteInfo = bookCollection;
		};
/* End PBXContainerItemProxy section */

/* Begin PBXFileReference section */
		63806A3F19BFD88A285318EB /* Pods-bookCollection.release.xcconfig */ = {isa = PBXFileReference; includeInIndex = 1; lastKnownFileType = text.xcconfig; name = "Pods-bookCollection.release.xcconfig"; path = "Pods/Target Support Files/Pods-bookCollection/Pods-bookCollection.release.xcconfig"; sourceTree = "<group>"; };
		6EC8DF64CC38A2F6B7B289CE /* libPods-bookCollection.a */ = {isa = PBXFileReference; explicitFileType = archive.ar; includeInIndex = 0; path = "libPods-bookCollection.a"; sourceTree = BUILT_PRODUCTS_DIR; };
		B617563122FFC03F00F6DBC1 /* BookBaseModel.h */ = {isa = PBXFileReference; lastKnownFileType = sourcecode.c.h; path = BookBaseModel.h; sourceTree = "<group>"; };
		B617563222FFC03F00F6DBC1 /* BookBaseModel.m */ = {isa = PBXFileReference; lastKnownFileType = sourcecode.c.objc; path = BookBaseModel.m; sourceTree = "<group>"; };
		B617563522FFC18200F6DBC1 /* BookEntity.h */ = {isa = PBXFileReference; lastKnownFileType = sourcecode.c.h; path = BookEntity.h; sourceTree = "<group>"; };
		B617563622FFC18200F6DBC1 /* BookEntity.m */ = {isa = PBXFileReference; lastKnownFileType = sourcecode.c.objc; path = BookEntity.m; sourceTree = "<group>"; };
		B617563922FFCC0C00F6DBC1 /* BookAuthor.h */ = {isa = PBXFileReference; lastKnownFileType = sourcecode.c.h; path = BookAuthor.h; sourceTree = "<group>"; };
		B617563A22FFCC0C00F6DBC1 /* BookAuthor.m */ = {isa = PBXFileReference; lastKnownFileType = sourcecode.c.objc; path = BookAuthor.m; sourceTree = "<group>"; };
		B617563D22FFCD4300F6DBC1 /* BookTranslator.h */ = {isa = PBXFileReference; lastKnownFileType = sourcecode.c.h; path = BookTranslator.h; sourceTree = "<group>"; };
		B617563E22FFCD4300F6DBC1 /* BookTranslator.m */ = {isa = PBXFileReference; lastKnownFileType = sourcecode.c.objc; path = BookTranslator.m; sourceTree = "<group>"; };
		B617564122FFCD8000F6DBC1 /* BookTag.h */ = {isa = PBXFileReference; lastKnownFileType = sourcecode.c.h; path = BookTag.h; sourceTree = "<group>"; };
		B617564222FFCD8000F6DBC1 /* BookTag.m */ = {isa = PBXFileReference; lastKnownFileType = sourcecode.c.objc; path = BookTag.m; sourceTree = "<group>"; };
		B617564522FFD0A800F6DBC1 /* BookDetailViewController.h */ = {isa = PBXFileReference; lastKnownFileType = sourcecode.c.h; path = BookDetailViewController.h; sourceTree = "<group>"; };
		B617564622FFD0A800F6DBC1 /* BookDetailViewController.m */ = {isa = PBXFileReference; lastKnownFileType = sourcecode.c.objc; path = BookDetailViewController.m; sourceTree = "<group>"; };
		B61C39F122F69BE20020E588 /* BookScannerView.h */ = {isa = PBXFileReference; lastKnownFileType = sourcecode.c.h; path = BookScannerView.h; sourceTree = "<group>"; };
		B61C39F222F69BE20020E588 /* BookScannerView.m */ = {isa = PBXFileReference; lastKnownFileType = sourcecode.c.objc; path = BookScannerView.m; sourceTree = "<group>"; };
		B61C39F622FE59100020E588 /* BaseViewController.h */ = {isa = PBXFileReference; lastKnownFileType = sourcecode.c.h; path = BaseViewController.h; sourceTree = "<group>"; };
		B61C39F722FE59100020E588 /* BaseViewController.m */ = {isa = PBXFileReference; lastKnownFileType = sourcecode.c.objc; path = BaseViewController.m; sourceTree = "<group>"; };
		B61C39F922FE59300020E588 /* BaseNavigationController.h */ = {isa = PBXFileReference; lastKnownFileType = sourcecode.c.h; path = BaseNavigationController.h; sourceTree = "<group>"; };
		B61C39FA22FE59300020E588 /* BaseNavigationController.m */ = {isa = PBXFileReference; lastKnownFileType = sourcecode.c.objc; path = BaseNavigationController.m; sourceTree = "<group>"; };
		B63E94F822F66C4400B78504 /* bookCollection.app */ = {isa = PBXFileReference; explicitFileType = wrapper.application; includeInIndex = 0; path = bookCollection.app; sourceTree = BUILT_PRODUCTS_DIR; };
		B63E94FB22F66C4400B78504 /* AppDelegate.h */ = {isa = PBXFileReference; lastKnownFileType = sourcecode.c.h; path = AppDelegate.h; sourceTree = "<group>"; };
		B63E94FC22F66C4400B78504 /* AppDelegate.m */ = {isa = PBXFileReference; lastKnownFileType = sourcecode.c.objc; path = AppDelegate.m; sourceTree = "<group>"; };
		B63E94FE22F66C4400B78504 /* ViewController.h */ = {isa = PBXFileReference; lastKnownFileType = sourcecode.c.h; path = ViewController.h; sourceTree = "<group>"; };
		B63E94FF22F66C4400B78504 /* ViewController.m */ = {isa = PBXFileReference; lastKnownFileType = sourcecode.c.objc; path = ViewController.m; sourceTree = "<group>"; };
		B63E950222F66C4400B78504 /* Base */ = {isa = PBXFileReference; lastKnownFileType = file.storyboard; name = Base; path = Base.lproj/Main.storyboard; sourceTree = "<group>"; };
		B63E950422F66C4600B78504 /* Assets.xcassets */ = {isa = PBXFileReference; lastKnownFileType = folder.assetcatalog; path = Assets.xcassets; sourceTree = "<group>"; };
		B63E950722F66C4600B78504 /* Base */ = {isa = PBXFileReference; lastKnownFileType = file.storyboard; name = Base; path = Base.lproj/LaunchScreen.storyboard; sourceTree = "<group>"; };
		B63E950922F66C4600B78504 /* Info.plist */ = {isa = PBXFileReference; lastKnownFileType = text.plist.xml; path = Info.plist; sourceTree = "<group>"; };
		B63E950A22F66C4600B78504 /* main.m */ = {isa = PBXFileReference; lastKnownFileType = sourcecode.c.objc; path = main.m; sourceTree = "<group>"; };
		B63E951022F66C4600B78504 /* bookCollectionTests.xctest */ = {isa = PBXFileReference; explicitFileType = wrapper.cfbundle; includeInIndex = 0; path = bookCollectionTests.xctest; sourceTree = BUILT_PRODUCTS_DIR; };
		B63E951422F66C4600B78504 /* bookCollectionTests.m */ = {isa = PBXFileReference; lastKnownFileType = sourcecode.c.objc; path = bookCollectionTests.m; sourceTree = "<group>"; };
		B63E951622F66C4600B78504 /* Info.plist */ = {isa = PBXFileReference; lastKnownFileType = text.plist.xml; path = Info.plist; sourceTree = "<group>"; };
		B63E951B22F66C4600B78504 /* bookCollectionUITests.xctest */ = {isa = PBXFileReference; explicitFileType = wrapper.cfbundle; includeInIndex = 0; path = bookCollectionUITests.xctest; sourceTree = BUILT_PRODUCTS_DIR; };
		B63E951F22F66C4600B78504 /* bookCollectionUITests.m */ = {isa = PBXFileReference; lastKnownFileType = sourcecode.c.objc; path = bookCollectionUITests.m; sourceTree = "<group>"; };
		B63E952122F66C4600B78504 /* Info.plist */ = {isa = PBXFileReference; lastKnownFileType = text.plist.xml; path = Info.plist; sourceTree = "<group>"; };
		B63E952E22F677BC00B78504 /* BookListViewController.h */ = {isa = PBXFileReference; lastKnownFileType = sourcecode.c.h; path = BookListViewController.h; sourceTree = "<group>"; };
		B63E952F22F677BC00B78504 /* BookListViewController.m */ = {isa = PBXFileReference; lastKnownFileType = sourcecode.c.objc; path = BookListViewController.m; sourceTree = "<group>"; };
		B63E953122F677DB00B78504 /* BookScannerViewController.h */ = {isa = PBXFileReference; lastKnownFileType = sourcecode.c.h; path = BookScannerViewController.h; sourceTree = "<group>"; };
		B63E953222F677DB00B78504 /* BookScannerViewController.m */ = {isa = PBXFileReference; lastKnownFileType = sourcecode.c.objc; path = BookScannerViewController.m; sourceTree = "<group>"; };
		B63E953422F677EC00B78504 /* BookAnalyticsViewController.h */ = {isa = PBXFileReference; lastKnownFileType = sourcecode.c.h; path = BookAnalyticsViewController.h; sourceTree = "<group>"; };
		B63E953522F677EC00B78504 /* BookAnalyticsViewController.m */ = {isa = PBXFileReference; lastKnownFileType = sourcecode.c.objc; path = BookAnalyticsViewController.m; sourceTree = "<group>"; };
		B63ECF73230908E7008D1560 /* BookDBHelper.h */ = {isa = PBXFileReference; lastKnownFileType = sourcecode.c.h; path = BookDBHelper.h; sourceTree = "<group>"; };
		B63ECF74230908E7008D1560 /* BookDBHelper.m */ = {isa = PBXFileReference; lastKnownFileType = sourcecode.c.objc; path = BookDBHelper.m; sourceTree = "<group>"; };
		B63ECF7923091302008D1560 /* BaseDao.h */ = {isa = PBXFileReference; lastKnownFileType = sourcecode.c.h; path = BaseDao.h; sourceTree = "<group>"; };
		B63ECF7A23091302008D1560 /* BaseDao.m */ = {isa = PBXFileReference; lastKnownFileType = sourcecode.c.objc; path = BaseDao.m; sourceTree = "<group>"; };
		B63ECF7C23091330008D1560 /* EntityDao.h */ = {isa = PBXFileReference; lastKnownFileType = sourcecode.c.h; path = EntityDao.h; sourceTree = "<group>"; };
		B63ECF7D23091330008D1560 /* EntityDao.m */ = {isa = PBXFileReference; lastKnownFileType = sourcecode.c.objc; path = EntityDao.m; sourceTree = "<group>"; };
		B63ECF7F2309134A008D1560 /* AuthorDao.h */ = {isa = PBXFileReference; lastKnownFileType = sourcecode.c.h; path = AuthorDao.h; sourceTree = "<group>"; };
		B63ECF802309134A008D1560 /* AuthorDao.m */ = {isa = PBXFileReference; lastKnownFileType = sourcecode.c.objc; path = AuthorDao.m; sourceTree = "<group>"; };
		B63ECF8223091355008D1560 /* TranslatorDao.h */ = {isa = PBXFileReference; lastKnownFileType = sourcecode.c.h; path = TranslatorDao.h; sourceTree = "<group>"; };
		B63ECF8323091355008D1560 /* TranslatorDao.m */ = {isa = PBXFileReference; lastKnownFileType = sourcecode.c.objc; path = TranslatorDao.m; sourceTree = "<group>"; };
		B63ECF8523091360008D1560 /* TagDao.h */ = {isa = PBXFileReference; lastKnownFileType = sourcecode.c.h; path = TagDao.h; sourceTree = "<group>"; };
		B63ECF8623091360008D1560 /* TagDao.m */ = {isa = PBXFileReference; lastKnownFileType = sourcecode.c.objc; path = TagDao.m; sourceTree = "<group>"; };
		B63ECF8823091789008D1560 /* BookDetailService.h */ = {isa = PBXFileReference; lastKnownFileType = sourcecode.c.h; path = BookDetailService.h; sourceTree = "<group>"; };
		B63ECF8923091789008D1560 /* BookDetailService.m */ = {isa = PBXFileReference; lastKnownFileType = sourcecode.c.objc; path = BookDetailService.m; sourceTree = "<group>"; };
		B671809F22FFB0B6009D6F67 /* bookCollection-prefix.pch */ = {isa = PBXFileReference; lastKnownFileType = sourcecode.c.h; path = "bookCollection-prefix.pch"; sourceTree = "<group>"; };
		B6F3E8FD230A718D002A127D /* BookListService.h */ = {isa = PBXFileReference; lastKnownFileType = sourcecode.c.h; path = BookListService.h; sourceTree = "<group>"; };
		B6F3E8FE230A718D002A127D /* BookListService.m */ = {isa = PBXFileReference; lastKnownFileType = sourcecode.c.objc; path = BookListService.m; sourceTree = "<group>"; };
		B6F3E900230A758A002A127D /* BookListTableViewController.h */ = {isa = PBXFileReference; lastKnownFileType = sourcecode.c.h; path = BookListTableViewController.h; sourceTree = "<group>"; };
		B6F3E901230A758A002A127D /* BookListTableViewController.m */ = {isa = PBXFileReference; lastKnownFileType = sourcecode.c.objc; path = BookListTableViewController.m; sourceTree = "<group>"; };
		B6F3E904230AA178002A127D /* BookBaseTableViewCell.h */ = {isa = PBXFileReference; lastKnownFileType = sourcecode.c.h; path = BookBaseTableViewCell.h; sourceTree = "<group>"; };
		B6F3E905230AA178002A127D /* BookBaseTableViewCell.m */ = {isa = PBXFileReference; lastKnownFileType = sourcecode.c.objc; path = BookBaseTableViewCell.m; sourceTree = "<group>"; };
		B6F3E907230AA1A3002A127D /* BookListTableViewCell.h */ = {isa = PBXFileReference; lastKnownFileType = sourcecode.c.h; path = BookListTableViewCell.h; sourceTree = "<group>"; };
		B6F3E908230AA1A3002A127D /* BookListTableViewCell.m */ = {isa = PBXFileReference; lastKnownFileType = sourcecode.c.objc; path = BookListTableViewCell.m; sourceTree = "<group>"; };
		B6F3E90F230AA660002A127D /* BookListTableViewCell+BookEntity.h */ = {isa = PBXFileReference; lastKnownFileType = sourcecode.c.h; path = "BookListTableViewCell+BookEntity.h"; sourceTree = "<group>"; };
		B6F3E910230AA660002A127D /* BookListTableViewCell+BookEntity.m */ = {isa = PBXFileReference; lastKnownFileType = sourcecode.c.objc; path = "BookListTableViewCell+BookEntity.m"; sourceTree = "<group>"; };
		D04AF7EC3637616E88F2CC35 /* Pods-bookCollection.debug.xcconfig */ = {isa = PBXFileReference; includeInIndex = 1; lastKnownFileType = text.xcconfig; name = "Pods-bookCollection.debug.xcconfig"; path = "Pods/Target Support Files/Pods-bookCollection/Pods-bookCollection.debug.xcconfig"; sourceTree = "<group>"; };
/* End PBXFileReference section */

/* Begin PBXFrameworksBuildPhase section */
		B63E94F522F66C4400B78504 /* Frameworks */ = {
			isa = PBXFrameworksBuildPhase;
			buildActionMask = 2147483647;
			files = (
				5335A9339813F9AB472156F3 /* libPods-bookCollection.a in Frameworks */,
			);
			runOnlyForDeploymentPostprocessing = 0;
		};
		B63E950D22F66C4600B78504 /* Frameworks */ = {
			isa = PBXFrameworksBuildPhase;
			buildActionMask = 2147483647;
			files = (
			);
			runOnlyForDeploymentPostprocessing = 0;
		};
		B63E951822F66C4600B78504 /* Frameworks */ = {
			isa = PBXFrameworksBuildPhase;
			buildActionMask = 2147483647;
			files = (
			);
			runOnlyForDeploymentPostprocessing = 0;
		};
/* End PBXFrameworksBuildPhase section */

/* Begin PBXGroup section */
		5F4A01A2E5DC02670CDE66F3 /* Pods */ = {
			isa = PBXGroup;
			children = (
				D04AF7EC3637616E88F2CC35 /* Pods-bookCollection.debug.xcconfig */,
				63806A3F19BFD88A285318EB /* Pods-bookCollection.release.xcconfig */,
			);
			name = Pods;
			sourceTree = "<group>";
		};
		B617562F22FFC02600F6DBC1 /* Model */ = {
			isa = PBXGroup;
			children = (
				B617564022FFCD6C00F6DBC1 /* Tag */,
				B617563C22FFCD3500F6DBC1 /* Translator */,
				B617563822FFCC0000F6DBC1 /* Author */,
				B617563422FFC16E00F6DBC1 /* Entity */,
				B617563022FFC02D00F6DBC1 /* Base */,
			);
			path = Model;
			sourceTree = "<group>";
		};
		B617563022FFC02D00F6DBC1 /* Base */ = {
			isa = PBXGroup;
			children = (
				B617563122FFC03F00F6DBC1 /* BookBaseModel.h */,
				B617563222FFC03F00F6DBC1 /* BookBaseModel.m */,
			);
			path = Base;
			sourceTree = "<group>";
		};
		B617563422FFC16E00F6DBC1 /* Entity */ = {
			isa = PBXGroup;
			children = (
				B617563522FFC18200F6DBC1 /* BookEntity.h */,
				B617563622FFC18200F6DBC1 /* BookEntity.m */,
			);
			path = Entity;
			sourceTree = "<group>";
		};
		B617563822FFCC0000F6DBC1 /* Author */ = {
			isa = PBXGroup;
			children = (
				B617563922FFCC0C00F6DBC1 /* BookAuthor.h */,
				B617563A22FFCC0C00F6DBC1 /* BookAuthor.m */,
			);
			path = Author;
			sourceTree = "<group>";
		};
		B617563C22FFCD3500F6DBC1 /* Translator */ = {
			isa = PBXGroup;
			children = (
				B617563D22FFCD4300F6DBC1 /* BookTranslator.h */,
				B617563E22FFCD4300F6DBC1 /* BookTranslator.m */,
			);
			path = Translator;
			sourceTree = "<group>";
		};
		B617564022FFCD6C00F6DBC1 /* Tag */ = {
			isa = PBXGroup;
			children = (
				B617564122FFCD8000F6DBC1 /* BookTag.h */,
				B617564222FFCD8000F6DBC1 /* BookTag.m */,
			);
			path = Tag;
			sourceTree = "<group>";
		};
		B617564422FFD08F00F6DBC1 /* BookDetail */ = {
			isa = PBXGroup;
			children = (
				B617564522FFD0A800F6DBC1 /* BookDetailViewController.h */,
				B617564622FFD0A800F6DBC1 /* BookDetailViewController.m */,
			);
			path = BookDetail;
			sourceTree = "<group>";
		};
		B61C39F022F69B790020E588 /* BookScanner */ = {
			isa = PBXGroup;
			children = (
				B63E953122F677DB00B78504 /* BookScannerViewController.h */,
				B63E953222F677DB00B78504 /* BookScannerViewController.m */,
				B61C39F122F69BE20020E588 /* BookScannerView.h */,
				B61C39F222F69BE20020E588 /* BookScannerView.m */,
			);
			path = BookScanner;
			sourceTree = "<group>";
		};
		B61C39F522FE58E90020E588 /* BaseViewController */ = {
			isa = PBXGroup;
			children = (
				B61C39F622FE59100020E588 /* BaseViewController.h */,
				B61C39F722FE59100020E588 /* BaseViewController.m */,
				B61C39F922FE59300020E588 /* BaseNavigationController.h */,
				B61C39FA22FE59300020E588 /* BaseNavigationController.m */,
			);
			path = BaseViewController;
			sourceTree = "<group>";
		};
		B63E94EF22F66C4400B78504 = {
			isa = PBXGroup;
			children = (
				B63E94FA22F66C4400B78504 /* bookCollection */,
				B63E951322F66C4600B78504 /* bookCollectionTests */,
				B63E951E22F66C4600B78504 /* bookCollectionUITests */,
				B63E94F922F66C4400B78504 /* Products */,
				5F4A01A2E5DC02670CDE66F3 /* Pods */,
				D2630B236C23D6DE2CB1C914 /* Frameworks */,
			);
			sourceTree = "<group>";
		};
		B63E94F922F66C4400B78504 /* Products */ = {
			isa = PBXGroup;
			children = (
				B63E94F822F66C4400B78504 /* bookCollection.app */,
				B63E951022F66C4600B78504 /* bookCollectionTests.xctest */,
				B63E951B22F66C4600B78504 /* bookCollectionUITests.xctest */,
			);
			name = Products;
			sourceTree = "<group>";
		};
		B63E94FA22F66C4400B78504 /* bookCollection */ = {
			isa = PBXGroup;
			children = (
				B6F3E90A230AA555002A127D /* Category */,
				B63ECF77230912DE008D1560 /* Service */,
				B63ECF76230912D1008D1560 /* DAO */,
				B63ECF71230908B1008D1560 /* Helper */,
				B617562F22FFC02600F6DBC1 /* Model */,
				B61C39F522FE58E90020E588 /* BaseViewController */,
				B63E952D22F6779800B78504 /* Modules */,
				B63E94FB22F66C4400B78504 /* AppDelegate.h */,
				B63E94FC22F66C4400B78504 /* AppDelegate.m */,
				B63E94FE22F66C4400B78504 /* ViewController.h */,
				B63E94FF22F66C4400B78504 /* ViewController.m */,
				B63E950122F66C4400B78504 /* Main.storyboard */,
				B63E950422F66C4600B78504 /* Assets.xcassets */,
				B63E950622F66C4600B78504 /* LaunchScreen.storyboard */,
				B63E950922F66C4600B78504 /* Info.plist */,
				B63E950A22F66C4600B78504 /* main.m */,
				B671809F22FFB0B6009D6F67 /* bookCollection-prefix.pch */,
			);
			path = bookCollection;
			sourceTree = "<group>";
		};
		B63E951322F66C4600B78504 /* bookCollectionTests */ = {
			isa = PBXGroup;
			children = (
				B63E951422F66C4600B78504 /* bookCollectionTests.m */,
				B63E951622F66C4600B78504 /* Info.plist */,
			);
			path = bookCollectionTests;
			sourceTree = "<group>";
		};
		B63E951E22F66C4600B78504 /* bookCollectionUITests */ = {
			isa = PBXGroup;
			children = (
				B63E951F22F66C4600B78504 /* bookCollectionUITests.m */,
				B63E952122F66C4600B78504 /* Info.plist */,
			);
			path = bookCollectionUITests;
			sourceTree = "<group>";
		};
		B63E952D22F6779800B78504 /* Modules */ = {
			isa = PBXGroup;
			children = (
				B6F3E903230AA147002A127D /* General */,
				B617564422FFD08F00F6DBC1 /* BookDetail */,
				B61C39F022F69B790020E588 /* BookScanner */,
				B63E952E22F677BC00B78504 /* BookListViewController.h */,
				B63E952F22F677BC00B78504 /* BookListViewController.m */,
				B63E953422F677EC00B78504 /* BookAnalyticsViewController.h */,
				B63E953522F677EC00B78504 /* BookAnalyticsViewController.m */,
				B6F3E900230A758A002A127D /* BookListTableViewController.h */,
				B6F3E901230A758A002A127D /* BookListTableViewController.m */,
			);
			path = Modules;
			sourceTree = "<group>";
		};
		B63ECF71230908B1008D1560 /* Helper */ = {
			isa = PBXGroup;
			children = (
				B63ECF72230908BA008D1560 /* DB */,
			);
			path = Helper;
			sourceTree = "<group>";
		};
		B63ECF72230908BA008D1560 /* DB */ = {
			isa = PBXGroup;
			children = (
				B63ECF73230908E7008D1560 /* BookDBHelper.h */,
				B63ECF74230908E7008D1560 /* BookDBHelper.m */,
			);
			path = DB;
			sourceTree = "<group>";
		};
		B63ECF76230912D1008D1560 /* DAO */ = {
			isa = PBXGroup;
			children = (
				B63ECF78230912F2008D1560 /* Base */,
			);
			path = DAO;
			sourceTree = "<group>";
		};
		B63ECF77230912DE008D1560 /* Service */ = {
			isa = PBXGroup;
			children = (
				B63ECF8823091789008D1560 /* BookDetailService.h */,
				B63ECF8923091789008D1560 /* BookDetailService.m */,
				B6F3E8FD230A718D002A127D /* BookListService.h */,
				B6F3E8FE230A718D002A127D /* BookListService.m */,
			);
			path = Service;
			sourceTree = "<group>";
		};
		B63ECF78230912F2008D1560 /* Base */ = {
			isa = PBXGroup;
			children = (
				B63ECF7923091302008D1560 /* BaseDao.h */,
				B63ECF7A23091302008D1560 /* BaseDao.m */,
				B63ECF7C23091330008D1560 /* EntityDao.h */,
				B63ECF7D23091330008D1560 /* EntityDao.m */,
				B63ECF7F2309134A008D1560 /* AuthorDao.h */,
				B63ECF802309134A008D1560 /* AuthorDao.m */,
				B63ECF8223091355008D1560 /* TranslatorDao.h */,
				B63ECF8323091355008D1560 /* TranslatorDao.m */,
				B63ECF8523091360008D1560 /* TagDao.h */,
				B63ECF8623091360008D1560 /* TagDao.m */,
			);
			path = Base;
			sourceTree = "<group>";
		};
		B6F3E903230AA147002A127D /* General */ = {
			isa = PBXGroup;
			children = (
				B6F3E904230AA178002A127D /* BookBaseTableViewCell.h */,
				B6F3E905230AA178002A127D /* BookBaseTableViewCell.m */,
				B6F3E907230AA1A3002A127D /* BookListTableViewCell.h */,
				B6F3E908230AA1A3002A127D /* BookListTableViewCell.m */,
			);
			path = General;
			sourceTree = "<group>";
		};
		B6F3E90A230AA555002A127D /* Category */ = {
			isa = PBXGroup;
			children = (
				B6F3E90F230AA660002A127D /* BookListTableViewCell+BookEntity.h */,
				B6F3E910230AA660002A127D /* BookListTableViewCell+BookEntity.m */,
			);
			path = Category;
			sourceTree = "<group>";
		};
		D2630B236C23D6DE2CB1C914 /* Frameworks */ = {
			isa = PBXGroup;
			children = (
				6EC8DF64CC38A2F6B7B289CE /* libPods-bookCollection.a */,
			);
			name = Frameworks;
			sourceTree = "<group>";
		};
/* End PBXGroup section */

/* Begin PBXNativeTarget section */
		B63E94F722F66C4400B78504 /* bookCollection */ = {
			isa = PBXNativeTarget;
			buildConfigurationList = B63E952422F66C4600B78504 /* Build configuration list for PBXNativeTarget "bookCollection" */;
			buildPhases = (
				570E73B5599E598CEABE11A1 /* [CP] Check Pods Manifest.lock */,
				B63E94F422F66C4400B78504 /* Sources */,
				B63E94F522F66C4400B78504 /* Frameworks */,
				B63E94F622F66C4400B78504 /* Resources */,
			);
			buildRules = (
			);
			dependencies = (
			);
			name = bookCollection;
			productName = bookCollection;
			productReference = B63E94F822F66C4400B78504 /* bookCollection.app */;
			productType = "com.apple.product-type.application";
		};
		B63E950F22F66C4600B78504 /* bookCollectionTests */ = {
			isa = PBXNativeTarget;
			buildConfigurationList = B63E952722F66C4600B78504 /* Build configuration list for PBXNativeTarget "bookCollectionTests" */;
			buildPhases = (
				B63E950C22F66C4600B78504 /* Sources */,
				B63E950D22F66C4600B78504 /* Frameworks */,
				B63E950E22F66C4600B78504 /* Resources */,
			);
			buildRules = (
			);
			dependencies = (
				B63E951222F66C4600B78504 /* PBXTargetDependency */,
			);
			name = bookCollectionTests;
			productName = bookCollectionTests;
			productReference = B63E951022F66C4600B78504 /* bookCollectionTests.xctest */;
			productType = "com.apple.product-type.bundle.unit-test";
		};
		B63E951A22F66C4600B78504 /* bookCollectionUITests */ = {
			isa = PBXNativeTarget;
			buildConfigurationList = B63E952A22F66C4600B78504 /* Build configuration list for PBXNativeTarget "bookCollectionUITests" */;
			buildPhases = (
				B63E951722F66C4600B78504 /* Sources */,
				B63E951822F66C4600B78504 /* Frameworks */,
				B63E951922F66C4600B78504 /* Resources */,
			);
			buildRules = (
			);
			dependencies = (
				B63E951D22F66C4600B78504 /* PBXTargetDependency */,
			);
			name = bookCollectionUITests;
			productName = bookCollectionUITests;
			productReference = B63E951B22F66C4600B78504 /* bookCollectionUITests.xctest */;
			productType = "com.apple.product-type.bundle.ui-testing";
		};
/* End PBXNativeTarget section */

/* Begin PBXProject section */
		B63E94F022F66C4400B78504 /* Project object */ = {
			isa = PBXProject;
			attributes = {
				LastUpgradeCheck = 1020;
				ORGANIZATIONNAME = RandyWei;
				TargetAttributes = {
					B63E94F722F66C4400B78504 = {
						CreatedOnToolsVersion = 10.2.1;
					};
					B63E950F22F66C4600B78504 = {
						CreatedOnToolsVersion = 10.2.1;
						TestTargetID = B63E94F722F66C4400B78504;
					};
					B63E951A22F66C4600B78504 = {
						CreatedOnToolsVersion = 10.2.1;
						TestTargetID = B63E94F722F66C4400B78504;
					};
				};
			};
			buildConfigurationList = B63E94F322F66C4400B78504 /* Build configuration list for PBXProject "bookCollection" */;
			compatibilityVersion = "Xcode 9.3";
			developmentRegion = en;
			hasScannedForEncodings = 0;
			knownRegions = (
				en,
				Base,
			);
			mainGroup = B63E94EF22F66C4400B78504;
			productRefGroup = B63E94F922F66C4400B78504 /* Products */;
			projectDirPath = "";
			projectRoot = "";
			targets = (
				B63E94F722F66C4400B78504 /* bookCollection */,
				B63E950F22F66C4600B78504 /* bookCollectionTests */,
				B63E951A22F66C4600B78504 /* bookCollectionUITests */,
			);
		};
/* End PBXProject section */

/* Begin PBXResourcesBuildPhase section */
		B63E94F622F66C4400B78504 /* Resources */ = {
			isa = PBXResourcesBuildPhase;
			buildActionMask = 2147483647;
			files = (
				B63E950822F66C4600B78504 /* LaunchScreen.storyboard in Resources */,
				B63E950522F66C4600B78504 /* Assets.xcassets in Resources */,
				B63E950322F66C4400B78504 /* Main.storyboard in Resources */,
			);
			runOnlyForDeploymentPostprocessing = 0;
		};
		B63E950E22F66C4600B78504 /* Resources */ = {
			isa = PBXResourcesBuildPhase;
			buildActionMask = 2147483647;
			files = (
			);
			runOnlyForDeploymentPostprocessing = 0;
		};
		B63E951922F66C4600B78504 /* Resources */ = {
			isa = PBXResourcesBuildPhase;
			buildActionMask = 2147483647;
			files = (
			);
			runOnlyForDeploymentPostprocessing = 0;
		};
/* End PBXResourcesBuildPhase section */

/* Begin PBXShellScriptBuildPhase section */
		570E73B5599E598CEABE11A1 /* [CP] Check Pods Manifest.lock */ = {
			isa = PBXShellScriptBuildPhase;
			buildActionMask = 2147483647;
			files = (
			);
			inputPaths = (
				"${PODS_PODFILE_DIR_PATH}/Podfile.lock",
				"${PODS_ROOT}/Manifest.lock",
			);
			name = "[CP] Check Pods Manifest.lock";
			outputPaths = (
				"$(DERIVED_FILE_DIR)/Pods-bookCollection-checkManifestLockResult.txt",
			);
			runOnlyForDeploymentPostprocessing = 0;
			shellPath = /bin/sh;
			shellScript = "diff \"${PODS_PODFILE_DIR_PATH}/Podfile.lock\" \"${PODS_ROOT}/Manifest.lock\" > /dev/null\nif [ $? != 0 ] ; then\n    # print error to STDERR\n    echo \"error: The sandbox is not in sync with the Podfile.lock. Run 'pod install' or update your CocoaPods installation.\" >&2\n    exit 1\nfi\n# This output is used by Xcode 'outputs' to avoid re-running this script phase.\necho \"SUCCESS\" > \"${SCRIPT_OUTPUT_FILE_0}\"\n";
			showEnvVarsInLog = 0;
		};
/* End PBXShellScriptBuildPhase section */

/* Begin PBXSourcesBuildPhase section */
		B63E94F422F66C4400B78504 /* Sources */ = {
			isa = PBXSourcesBuildPhase;
			buildActionMask = 2147483647;
			files = (
				B63E953622F677EC00B78504 /* BookAnalyticsViewController.m in Sources */,
				B63ECF7E23091330008D1560 /* EntityDao.m in Sources */,
				B63ECF7B23091302008D1560 /* BaseDao.m in Sources */,
				B63ECF8723091360008D1560 /* TagDao.m in Sources */,
				B6F3E8FF230A718D002A127D /* BookListService.m in Sources */,
				B617563322FFC03F00F6DBC1 /* BookBaseModel.m in Sources */,
				B6F3E902230A758A002A127D /* BookListTableViewController.m in Sources */,
				B63ECF812309134A008D1560 /* AuthorDao.m in Sources */,
				B617563722FFC18200F6DBC1 /* BookEntity.m in Sources */,
				B61C39F822FE59100020E588 /* BaseViewController.m in Sources */,
				B63E950022F66C4400B78504 /* ViewController.m in Sources */,
				B617564322FFCD8000F6DBC1 /* BookTag.m in Sources */,
				B63E953322F677DB00B78504 /* BookScannerViewController.m in Sources */,
				B63E953022F677BC00B78504 /* BookListViewController.m in Sources */,
				B6F3E906230AA178002A127D /* BookBaseTableViewCell.m in Sources */,
				B61C39FB22FE59300020E588 /* BaseNavigationController.m in Sources */,
				B617563F22FFCD4300F6DBC1 /* BookTranslator.m in Sources */,
				B63ECF75230908E7008D1560 /* BookDBHelper.m in Sources */,
				B61C39F322F69BE20020E588 /* BookScannerView.m in Sources */,
				B617564722FFD0A800F6DBC1 /* BookDetailViewController.m in Sources */,
				B6F3E909230AA1A3002A127D /* BookListTableViewCell.m in Sources */,
				B63ECF8423091355008D1560 /* TranslatorDao.m in Sources */,
				B6F3E911230AA660002A127D /* BookListTableViewCell+BookEntity.m in Sources */,
				B617563B22FFCC0C00F6DBC1 /* BookAuthor.m in Sources */,
				B63ECF8A23091789008D1560 /* BookDetailService.m in Sources */,
				B63E950B22F66C4600B78504 /* main.m in Sources */,
				B63E94FD22F66C4400B78504 /* AppDelegate.m in Sources */,
			);
			runOnlyForDeploymentPostprocessing = 0;
		};
		B63E950C22F66C4600B78504 /* Sources */ = {
			isa = PBXSourcesBuildPhase;
			buildActionMask = 2147483647;
			files = (
				B63E951522F66C4600B78504 /* bookCollectionTests.m in Sources */,
			);
			runOnlyForDeploymentPostprocessing = 0;
		};
		B63E951722F66C4600B78504 /* Sources */ = {
			isa = PBXSourcesBuildPhase;
			buildActionMask = 2147483647;
			files = (
				B63E952022F66C4600B78504 /* bookCollectionUITests.m in Sources */,
			);
			runOnlyForDeploymentPostprocessing = 0;
		};
/* End PBXSourcesBuildPhase section */

/* Begin PBXTargetDependency section */
		B63E951222F66C4600B78504 /* PBXTargetDependency */ = {
			isa = PBXTargetDependency;
			target = B63E94F722F66C4400B78504 /* bookCollection */;
			targetProxy = B63E951122F66C4600B78504 /* PBXContainerItemProxy */;
		};
		B63E951D22F66C4600B78504 /* PBXTargetDependency */ = {
			isa = PBXTargetDependency;
			target = B63E94F722F66C4400B78504 /* bookCollection */;
			targetProxy = B63E951C22F66C4600B78504 /* PBXContainerItemProxy */;
		};
/* End PBXTargetDependency section */

/* Begin PBXVariantGroup section */
		B63E950122F66C4400B78504 /* Main.storyboard */ = {
			isa = PBXVariantGroup;
			children = (
				B63E950222F66C4400B78504 /* Base */,
			);
			name = Main.storyboard;
			sourceTree = "<group>";
		};
		B63E950622F66C4600B78504 /* LaunchScreen.storyboard */ = {
			isa = PBXVariantGroup;
			children = (
				B63E950722F66C4600B78504 /* Base */,
			);
			name = LaunchScreen.storyboard;
			sourceTree = "<group>";
		};
/* End PBXVariantGroup section */

/* Begin XCBuildConfiguration section */
		B63E952222F66C4600B78504 /* Debug */ = {
			isa = XCBuildConfiguration;
			buildSettings = {
				ALWAYS_SEARCH_USER_PATHS = NO;
				CLANG_ANALYZER_NONNULL = YES;
				CLANG_ANALYZER_NUMBER_OBJECT_CONVERSION = YES_AGGRESSIVE;
				CLANG_CXX_LANGUAGE_STANDARD = "gnu++14";
				CLANG_CXX_LIBRARY = "libc++";
				CLANG_ENABLE_MODULES = YES;
				CLANG_ENABLE_OBJC_ARC = YES;
				CLANG_ENABLE_OBJC_WEAK = YES;
				CLANG_WARN_BLOCK_CAPTURE_AUTORELEASING = YES;
				CLANG_WARN_BOOL_CONVERSION = YES;
				CLANG_WARN_COMMA = YES;
				CLANG_WARN_CONSTANT_CONVERSION = YES;
				CLANG_WARN_DEPRECATED_OBJC_IMPLEMENTATIONS = YES;
				CLANG_WARN_DIRECT_OBJC_ISA_USAGE = YES_ERROR;
				CLANG_WARN_DOCUMENTATION_COMMENTS = YES;
				CLANG_WARN_EMPTY_BODY = YES;
				CLANG_WARN_ENUM_CONVERSION = YES;
				CLANG_WARN_INFINITE_RECURSION = YES;
				CLANG_WARN_INT_CONVERSION = YES;
				CLANG_WARN_NON_LITERAL_NULL_CONVERSION = YES;
				CLANG_WARN_OBJC_IMPLICIT_RETAIN_SELF = YES;
				CLANG_WARN_OBJC_LITERAL_CONVERSION = YES;
				CLANG_WARN_OBJC_ROOT_CLASS = YES_ERROR;
				CLANG_WARN_RANGE_LOOP_ANALYSIS = YES;
				CLANG_WARN_STRICT_PROTOTYPES = YES;
				CLANG_WARN_SUSPICIOUS_MOVE = YES;
				CLANG_WARN_UNGUARDED_AVAILABILITY = YES_AGGRESSIVE;
				CLANG_WARN_UNREACHABLE_CODE = YES;
				CLANG_WARN__DUPLICATE_METHOD_MATCH = YES;
				CODE_SIGN_IDENTITY = "iPhone Developer";
				COPY_PHASE_STRIP = NO;
				DEBUG_INFORMATION_FORMAT = dwarf;
				ENABLE_STRICT_OBJC_MSGSEND = YES;
				ENABLE_TESTABILITY = YES;
				GCC_C_LANGUAGE_STANDARD = gnu11;
				GCC_DYNAMIC_NO_PIC = NO;
				GCC_NO_COMMON_BLOCKS = YES;
				GCC_OPTIMIZATION_LEVEL = 0;
				GCC_PREPROCESSOR_DEFINITIONS = (
					"DEBUG=1",
					"$(inherited)",
				);
				GCC_WARN_64_TO_32_BIT_CONVERSION = YES;
				GCC_WARN_ABOUT_RETURN_TYPE = YES_ERROR;
				GCC_WARN_UNDECLARED_SELECTOR = YES;
				GCC_WARN_UNINITIALIZED_AUTOS = YES_AGGRESSIVE;
				GCC_WARN_UNUSED_FUNCTION = YES;
				GCC_WARN_UNUSED_VARIABLE = YES;
				IPHONEOS_DEPLOYMENT_TARGET = 9.0;
				MTL_ENABLE_DEBUG_INFO = INCLUDE_SOURCE;
				MTL_FAST_MATH = YES;
				ONLY_ACTIVE_ARCH = YES;
				SDKROOT = iphoneos;
			};
			name = Debug;
		};
		B63E952322F66C4600B78504 /* Release */ = {
			isa = XCBuildConfiguration;
			buildSettings = {
				ALWAYS_SEARCH_USER_PATHS = NO;
				CLANG_ANALYZER_NONNULL = YES;
				CLANG_ANALYZER_NUMBER_OBJECT_CONVERSION = YES_AGGRESSIVE;
				CLANG_CXX_LANGUAGE_STANDARD = "gnu++14";
				CLANG_CXX_LIBRARY = "libc++";
				CLANG_ENABLE_MODULES = YES;
				CLANG_ENABLE_OBJC_ARC = YES;
				CLANG_ENABLE_OBJC_WEAK = YES;
				CLANG_WARN_BLOCK_CAPTURE_AUTORELEASING = YES;
				CLANG_WARN_BOOL_CONVERSION = YES;
				CLANG_WARN_COMMA = YES;
				CLANG_WARN_CONSTANT_CONVERSION = YES;
				CLANG_WARN_DEPRECATED_OBJC_IMPLEMENTATIONS = YES;
				CLANG_WARN_DIRECT_OBJC_ISA_USAGE = YES_ERROR;
				CLANG_WARN_DOCUMENTATION_COMMENTS = YES;
				CLANG_WARN_EMPTY_BODY = YES;
				CLANG_WARN_ENUM_CONVERSION = YES;
				CLANG_WARN_INFINITE_RECURSION = YES;
				CLANG_WARN_INT_CONVERSION = YES;
				CLANG_WARN_NON_LITERAL_NULL_CONVERSION = YES;
				CLANG_WARN_OBJC_IMPLICIT_RETAIN_SELF = YES;
				CLANG_WARN_OBJC_LITERAL_CONVERSION = YES;
				CLANG_WARN_OBJC_ROOT_CLASS = YES_ERROR;
				CLANG_WARN_RANGE_LOOP_ANALYSIS = YES;
				CLANG_WARN_STRICT_PROTOTYPES = YES;
				CLANG_WARN_SUSPICIOUS_MOVE = YES;
				CLANG_WARN_UNGUARDED_AVAILABILITY = YES_AGGRESSIVE;
				CLANG_WARN_UNREACHABLE_CODE = YES;
				CLANG_WARN__DUPLICATE_METHOD_MATCH = YES;
				CODE_SIGN_IDENTITY = "iPhone Developer";
				COPY_PHASE_STRIP = NO;
				DEBUG_INFORMATION_FORMAT = "dwarf-with-dsym";
				ENABLE_NS_ASSERTIONS = NO;
				ENABLE_STRICT_OBJC_MSGSEND = YES;
				GCC_C_LANGUAGE_STANDARD = gnu11;
				GCC_NO_COMMON_BLOCKS = YES;
				GCC_WARN_64_TO_32_BIT_CONVERSION = YES;
				GCC_WARN_ABOUT_RETURN_TYPE = YES_ERROR;
				GCC_WARN_UNDECLARED_SELECTOR = YES;
				GCC_WARN_UNINITIALIZED_AUTOS = YES_AGGRESSIVE;
				GCC_WARN_UNUSED_FUNCTION = YES;
				GCC_WARN_UNUSED_VARIABLE = YES;
				IPHONEOS_DEPLOYMENT_TARGET = 9.0;
				MTL_ENABLE_DEBUG_INFO = NO;
				MTL_FAST_MATH = YES;
				SDKROOT = iphoneos;
				VALIDATE_PRODUCT = YES;
			};
			name = Release;
		};
		B63E952522F66C4600B78504 /* Debug */ = {
			isa = XCBuildConfiguration;
			baseConfigurationReference = D04AF7EC3637616E88F2CC35 /* Pods-bookCollection.debug.xcconfig */;
			buildSettings = {
				ASSETCATALOG_COMPILER_APPICON_NAME = AppIcon;
				ASSETCATALOG_COMPILER_LAUNCHIMAGE_NAME = LaunchImage;
				CODE_SIGN_STYLE = Automatic;
				DEVELOPMENT_TEAM = W93TMPRHC3;
				GCC_PRECOMPILE_PREFIX_HEADER = YES;
				GCC_PREFIX_HEADER = "$(SRCROOT)/$(PROJECT_NAME)/bookCollection-prefix.pch";
				INFOPLIST_FILE = bookCollection/Info.plist;
				LD_RUNPATH_SEARCH_PATHS = (
					"$(inherited)",
					"@executable_path/Frameworks",
				);
				PRODUCT_BUNDLE_IDENTIFIER = dev.bughub.study.bookCollection;
				PRODUCT_NAME = "$(TARGET_NAME)";
				TARGETED_DEVICE_FAMILY = "1,2";
			};
			name = Debug;
		};
		B63E952622F66C4600B78504 /* Release */ = {
			isa = XCBuildConfiguration;
			baseConfigurationReference = 63806A3F19BFD88A285318EB /* Pods-bookCollection.release.xcconfig */;
			buildSettings = {
				ASSETCATALOG_COMPILER_APPICON_NAME = AppIcon;
				ASSETCATALOG_COMPILER_LAUNCHIMAGE_NAME = LaunchImage;
				CODE_SIGN_STYLE = Automatic;
				DEVELOPMENT_TEAM = W93TMPRHC3;
				GCC_PRECOMPILE_PREFIX_HEADER = YES;
				GCC_PREFIX_HEADER = "$(SRCROOT)/$(PROJECT_NAME)/bookCollection-prefix.pch";
				INFOPLIST_FILE = bookCollection/Info.plist;
				LD_RUNPATH_SEARCH_PATHS = (
					"$(inherited)",
					"@executable_path/Frameworks",
				);
				PRODUCT_BUNDLE_IDENTIFIER = dev.bughub.study.bookCollection;
				PRODUCT_NAME = "$(TARGET_NAME)";
				TARGETED_DEVICE_FAMILY = "1,2";
			};
			name = Release;
		};
		B63E952822F66C4600B78504 /* Debug */ = {
			isa = XCBuildConfiguration;
			buildSettings = {
				BUNDLE_LOADER = "$(TEST_HOST)";
				CODE_SIGN_STYLE = Automatic;
				INFOPLIST_FILE = bookCollectionTests/Info.plist;
				LD_RUNPATH_SEARCH_PATHS = (
					"$(inherited)",
					"@executable_path/Frameworks",
					"@loader_path/Frameworks",
				);
				PRODUCT_BUNDLE_IDENTIFIER = dev.bughub.study.bookCollectionTests;
				PRODUCT_NAME = "$(TARGET_NAME)";
				TARGETED_DEVICE_FAMILY = "1,2";
				TEST_HOST = "$(BUILT_PRODUCTS_DIR)/bookCollection.app/bookCollection";
			};
			name = Debug;
		};
		B63E952922F66C4600B78504 /* Release */ = {
			isa = XCBuildConfiguration;
			buildSettings = {
				BUNDLE_LOADER = "$(TEST_HOST)";
				CODE_SIGN_STYLE = Automatic;
				INFOPLIST_FILE = bookCollectionTests/Info.plist;
				LD_RUNPATH_SEARCH_PATHS = (
					"$(inherited)",
					"@executable_path/Frameworks",
					"@loader_path/Frameworks",
				);
				PRODUCT_BUNDLE_IDENTIFIER = dev.bughub.study.bookCollectionTests;
				PRODUCT_NAME = "$(TARGET_NAME)";
				TARGETED_DEVICE_FAMILY = "1,2";
				TEST_HOST = "$(BUILT_PRODUCTS_DIR)/bookCollection.app/bookCollection";
			};
			name = Release;
		};
		B63E952B22F66C4600B78504 /* Debug */ = {
			isa = XCBuildConfiguration;
			buildSettings = {
				CODE_SIGN_STYLE = Automatic;
				INFOPLIST_FILE = bookCollectionUITests/Info.plist;
				LD_RUNPATH_SEARCH_PATHS = (
					"$(inherited)",
					"@executable_path/Frameworks",
					"@loader_path/Frameworks",
				);
				PRODUCT_BUNDLE_IDENTIFIER = dev.bughub.study.bookCollectionUITests;
				PRODUCT_NAME = "$(TARGET_NAME)";
				TARGETED_DEVICE_FAMILY = "1,2";
				TEST_TARGET_NAME = bookCollection;
			};
			name = Debug;
		};
		B63E952C22F66C4600B78504 /* Release */ = {
			isa = XCBuildConfiguration;
			buildSettings = {
				CODE_SIGN_STYLE = Automatic;
				INFOPLIST_FILE = bookCollectionUITests/Info.plist;
				LD_RUNPATH_SEARCH_PATHS = (
					"$(inherited)",
					"@executable_path/Frameworks",
					"@loader_path/Frameworks",
				);
				PRODUCT_BUNDLE_IDENTIFIER = dev.bughub.study.bookCollectionUITests;
				PRODUCT_NAME = "$(TARGET_NAME)";
				TARGETED_DEVICE_FAMILY = "1,2";
				TEST_TARGET_NAME = bookCollection;
			};
			name = Release;
		};
/* End XCBuildConfiguration section */

/* Begin XCConfigurationList section */
		B63E94F322F66C4400B78504 /* Build configuration list for PBXProject "bookCollection" */ = {
			isa = XCConfigurationList;
			buildConfigurations = (
				B63E952222F66C4600B78504 /* Debug */,
				B63E952322F66C4600B78504 /* Release */,
			);
			defaultConfigurationIsVisible = 0;
			defaultConfigurationName = Release;
		};
		B63E952422F66C4600B78504 /* Build configuration list for PBXNativeTarget "bookCollection" */ = {
			isa = XCConfigurationList;
			buildConfigurations = (
				B63E952522F66C4600B78504 /* Debug */,
				B63E952622F66C4600B78504 /* Release */,
			);
			defaultConfigurationIsVisible = 0;
			defaultConfigurationName = Release;
		};
		B63E952722F66C4600B78504 /* Build configuration list for PBXNativeTarget "bookCollectionTests" */ = {
			isa = XCConfigurationList;
			buildConfigurations = (
				B63E952822F66C4600B78504 /* Debug */,
				B63E952922F66C4600B78504 /* Release */,
			);
			defaultConfigurationIsVisible = 0;
			defaultConfigurationName = Release;
		};
		B63E952A22F66C4600B78504 /* Build configuration list for PBXNativeTarget "bookCollectionUITests" */ = {
			isa = XCConfigurationList;
			buildConfigurations = (
				B63E952B22F66C4600B78504 /* Debug */,
				B63E952C22F66C4600B78504 /* Release */,
			);
			defaultConfigurationIsVisible = 0;
			defaultConfigurationName = Release;
		};
/* End XCConfigurationList section */
	};
	rootObject = B63E94F022F66C4400B78504 /* Project object */;
}
