// !$*UTF8*$!
{
	archiveVersion = 1;
	classes = {
	};
	objectVersion = 50;
	objects = {

/* Begin PBXBuildFile section */
		B63E94FD22F66C4400B78504 /* AppDelegate.m in Sources */ = {isa = PBXBuildFile; fileRef = B63E94FC22F66C4400B78504 /* AppDelegate.m */; };
		B63E950022F66C4400B78504 /* ViewController.m in Sources */ = {isa = PBXBuildFile; fileRef = B63E94FF22F66C4400B78504 /* ViewController.m */; };
		B63E950322F66C4400B78504 /* Main.storyboard in Resources */ = {isa = PBXBuildFile; fileRef = B63E950122F66C4400B78504 /* Main.storyboard */; };
		B63E950522F66C4600B78504 /* Assets.xcassets in Resources */ = {isa = PBXBuildFile; fileRef = B63E950422F66C4600B78504 /* Assets.xcassets */; };
		B63E950822F66C4600B78504 /* LaunchScreen.storyboard in Resources */ = {isa = PBXBuildFile; fileRef = B63E950622F66C4600B78504 /* LaunchScreen.storyboard */; };
		B63E950B22F66C4600B78504 /* main.m in Sources */ = {isa = PBXBuildFile; fileRef = B63E950A22F66C4600B78504 /* main.m */; };
		B63E951522F66C4600B78504 /* bookCollectionTests.m in Sources */ = {isa = PBXBuildFile; fileRef = B63E951422F66C4600B78504 /* bookCollectionTests.m */; };
		B63E952022F66C4600B78504 /* bookCollectionUITests.m in Sources */ = {isa = PBXBuildFile; fileRef = B63E951F22F66C4600B78504 /* bookCollectionUITests.m */; };
/* End PBXBuildFile section */

/* Begin PBXContainerItemProxy section */
		B63E951122F66C4600B78504 /* PBXContainerItemProxy */ = {
			isa = PBXContainerItemProxy;
			containerPortal = B63E94F022F66C4400B78504 /* Project object */;
			proxyType = 1;
			remoteGlobalIDString = B63E94F722F66C4400B78504;
			remoteInfo = bookCollection;
		};
		B63E951C22F66C4600B78504 /* PBXContainerItemProxy */ = {
			isa = PBXContainerItemProxy;
			containerPortal = B63E94F022F66C4400B78504 /* Project object */;
			proxyType = 1;
			remoteGlobalIDString = B63E94F722F66C4400B78504;
			remoteInfo = bookCollection;
		};
/* End PBXContainerItemProxy section */

/* Begin PBXFileReference section */
		B63E94F822F66C4400B78504 /* bookCollection.app */ = {isa = PBXFileReference; explicitFileType = wrapper.application; includeInIndex = 0; path = bookCollection.app; sourceTree = BUILT_PRODUCTS_DIR; };
		B63E94FB22F66C4400B78504 /* AppDelegate.h */ = {isa = PBXFileReference; lastKnownFileType = sourcecode.c.h; path = AppDelegate.h; sourceTree = "<group>"; };
		B63E94FC22F66C4400B78504 /* AppDelegate.m */ = {isa = PBXFileReference; lastKnownFileType = sourcecode.c.objc; path = AppDelegate.m; sourceTree = "<group>"; };
		B63E94FE22F66C4400B78504 /* ViewController.h */ = {isa = PBXFileReference; lastKnownFileType = sourcecode.c.h; path = ViewController.h; sourceTree = "<group>"; };
		B63E94FF22F66C4400B78504 /* ViewController.m */ = {isa = PBXFileReference; lastKnownFileType = sourcecode.c.objc; path = ViewController.m; sourceTree = "<group>"; };
		B63E950222F66C4400B78504 /* Base */ = {isa = PBXFileReference; lastKnownFileType = file.storyboard; name = Base; path = Base.lproj/Main.storyboard; sourceTree = "<group>"; };
		B63E950422F66C4600B78504 /* Assets.xcassets */ = {isa = PBXFileReference; lastKnownFileType = folder.assetcatalog; path = Assets.xcassets; sourceTree = "<group>"; };
		B63E950722F66C4600B78504 /* Base */ = {isa = PBXFileReference; lastKnownFileType = file.storyboard; name = Base; path = Base.lproj/LaunchScreen.storyboard; sourceTree = "<group>"; };
		B63E950922F66C4600B78504 /* Info.plist */ = {isa = PBXFileReference; lastKnownFileType = text.plist.xml; path = Info.plist; sourceTree = "<group>"; };
		B63E950A22F66C4600B78504 /* main.m */ = {isa = PBXFileReference; lastKnownFileType = sourcecode.c.objc; path = main.m; sourceTree = "<group>"; };
		B63E951022F66C4600B78504 /* bookCollectionTests.xctest */ = {isa = PBXFileReference; explicitFileType = wrapper.cfbundle; includeInIndex = 0; path = bookCollectionTests.xctest; sourceTree = BUILT_PRODUCTS_DIR; };
		B63E951422F66C4600B78504 /* bookCollectionTests.m */ = {isa = PBXFileReference; lastKnownFileType = sourcecode.c.objc; path = bookCollectionTests.m; sourceTree = "<group>"; };
		B63E951622F66C4600B78504 /* Info.plist */ = {isa = PBXFileReference; lastKnownFileType = text.plist.xml; path = Info.plist; sourceTree = "<group>"; };
		B63E951B22F66C4600B78504 /* bookCollectionUITests.xctest */ = {isa = PBXFileReference; explicitFileType = wrapper.cfbundle; includeInIndex = 0; path = bookCollectionUITests.xctest; sourceTree = BUILT_PRODUCTS_DIR; };
		B63E951F22F66C4600B78504 /* bookCollectionUITests.m */ = {isa = PBXFileReference; lastKnownFileType = sourcecode.c.objc; path = bookCollectionUITests.m; sourceTree = "<group>"; };
		B63E952122F66C4600B78504 /* Info.plist */ = {isa = PBXFileReference; lastKnownFileType = text.plist.xml; path = Info.plist; sourceTree = "<group>"; };
/* End PBXFileReference section */

/* Begin PBXFrameworksBuildPhase section */
		B63E94F522F66C4400B78504 /* Frameworks */ = {
			isa = PBXFrameworksBuildPhase;
			buildActionMask = 2147483647;
			files = (
			);
			runOnlyForDeploymentPostprocessing = 0;
		};
		B63E950D22F66C4600B78504 /* Frameworks */ = {
			isa = PBXFrameworksBuildPhase;
			buildActionMask = 2147483647;
			files = (
			);
			runOnlyForDeploymentPostprocessing = 0;
		};
		B63E951822F66C4600B78504 /* Frameworks */ = {
			isa = PBXFrameworksBuildPhase;
			buildActionMask = 2147483647;
			files = (
			);
			runOnlyForDeploymentPostprocessing = 0;
		};
/* End PBXFrameworksBuildPhase section */

/* Begin PBXGroup section */
		B63E94EF22F66C4400B78504 = {
			isa = PBXGroup;
			children = (
				B63E94FA22F66C4400B78504 /* bookCollection */,
				B63E951322F66C4600B78504 /* bookCollectionTests */,
				B63E951E22F66C4600B78504 /* bookCollectionUITests */,
				B63E94F922F66C4400B78504 /* Products */,
			);
			sourceTree = "<group>";
		};
		B63E94F922F66C4400B78504 /* Products */ = {
			isa = PBXGroup;
			children = (
				B63E94F822F66C4400B78504 /* bookCollection.app */,
				B63E951022F66C4600B78504 /* bookCollectionTests.xctest */,
				B63E951B22F66C4600B78504 /* bookCollectionUITests.xctest */,
			);
			name = Products;
			sourceTree = "<group>";
		};
		B63E94FA22F66C4400B78504 /* bookCollection */ = {
			isa = PBXGroup;
			children = (
				B63E94FB22F66C4400B78504 /* AppDelegate.h */,
				B63E94FC22F66C4400B78504 /* AppDelegate.m */,
				B63E94FE22F66C4400B78504 /* ViewController.h */,
				B63E94FF22F66C4400B78504 /* ViewController.m */,
				B63E950122F66C4400B78504 /* Main.storyboard */,
				B63E950422F66C4600B78504 /* Assets.xcassets */,
				B63E950622F66C4600B78504 /* LaunchScreen.storyboard */,
				B63E950922F66C4600B78504 /* Info.plist */,
				B63E950A22F66C4600B78504 /* main.m */,
			);
			path = bookCollection;
			sourceTree = "<group>";
		};
		B63E951322F66C4600B78504 /* bookCollectionTests */ = {
			isa = PBXGroup;
			children = (
				B63E951422F66C4600B78504 /* bookCollectionTests.m */,
				B63E951622F66C4600B78504 /* Info.plist */,
			);
			path = bookCollectionTests;
			sourceTree = "<group>";
		};
		B63E951E22F66C4600B78504 /* bookCollectionUITests */ = {
			isa = PBXGroup;
			children = (
				B63E951F22F66C4600B78504 /* bookCollectionUITests.m */,
				B63E952122F66C4600B78504 /* Info.plist */,
			);
			path = bookCollectionUITests;
			sourceTree = "<group>";
		};
/* End PBXGroup section */

/* Begin PBXNativeTarget section */
		B63E94F722F66C4400B78504 /* bookCollection */ = {
			isa = PBXNativeTarget;
			buildConfigurationList = B63E952422F66C4600B78504 /* Build configuration list for PBXNativeTarget "bookCollection" */;
			buildPhases = (
				B63E94F422F66C4400B78504 /* Sources */,
				B63E94F522F66C4400B78504 /* Frameworks */,
				B63E94F622F66C4400B78504 /* Resources */,
			);
			buildRules = (
			);
			dependencies = (
			);
			name = bookCollection;
			productName = bookCollection;
			productReference = B63E94F822F66C4400B78504 /* bookCollection.app */;
			productType = "com.apple.product-type.application";
		};
		B63E950F22F66C4600B78504 /* bookCollectionTests */ = {
			isa = PBXNativeTarget;
			buildConfigurationList = B63E952722F66C4600B78504 /* Build configuration list for PBXNativeTarget "bookCollectionTests" */;
			buildPhases = (
				B63E950C22F66C4600B78504 /* Sources */,
				B63E950D22F66C4600B78504 /* Frameworks */,
				B63E950E22F66C4600B78504 /* Resources */,
			);
			buildRules = (
			);
			dependencies = (
				B63E951222F66C4600B78504 /* PBXTargetDependency */,
			);
			name = bookCollectionTests;
			productName = bookCollectionTests;
			productReference = B63E951022F66C4600B78504 /* bookCollectionTests.xctest */;
			productType = "com.apple.product-type.bundle.unit-test";
		};
		B63E951A22F66C4600B78504 /* bookCollectionUITests */ = {
			isa = PBXNativeTarget;
			buildConfigurationList = B63E952A22F66C4600B78504 /* Build configuration list for PBXNativeTarget "bookCollectionUITests" */;
			buildPhases = (
				B63E951722F66C4600B78504 /* Sources */,
				B63E951822F66C4600B78504 /* Frameworks */,
				B63E951922F66C4600B78504 /* Resources */,
			);
			buildRules = (
			);
			dependencies = (
				B63E951D22F66C4600B78504 /* PBXTargetDependency */,
			);
			name = bookCollectionUITests;
			productName = bookCollectionUITests;
			productReference = B63E951B22F66C4600B78504 /* bookCollectionUITests.xctest */;
			productType = "com.apple.product-type.bundle.ui-testing";
		};
/* End PBXNativeTarget section */

/* Begin PBXProject section */
		B63E94F022F66C4400B78504 /* Project object */ = {
			isa = PBXProject;
			attributes = {
				LastUpgradeCheck = 1020;
				ORGANIZATIONNAME = RandyWei;
				TargetAttributes = {
					B63E94F722F66C4400B78504 = {
						CreatedOnToolsVersion = 10.2.1;
					};
					B63E950F22F66C4600B78504 = {
						CreatedOnToolsVersion = 10.2.1;
						TestTargetID = B63E94F722F66C4400B78504;
					};
					B63E951A22F66C4600B78504 = {
						CreatedOnToolsVersion = 10.2.1;
						TestTargetID = B63E94F722F66C4400B78504;
					};
				};
			};
			buildConfigurationList = B63E94F322F66C4400B78504 /* Build configuration list for PBXProject "bookCollection" */;
			compatibilityVersion = "Xcode 9.3";
			developmentRegion = en;
			hasScannedForEncodings = 0;
			knownRegions = (
				en,
				Base,
			);
			mainGroup = B63E94EF22F66C4400B78504;
			productRefGroup = B63E94F922F66C4400B78504 /* Products */;
			projectDirPath = "";
			projectRoot = "";
			targets = (
				B63E94F722F66C4400B78504 /* bookCollection */,
				B63E950F22F66C4600B78504 /* bookCollectionTests */,
				B63E951A22F66C4600B78504 /* bookCollectionUITests */,
			);
		};
/* End PBXProject section */

/* Begin PBXResourcesBuildPhase section */
		B63E94F622F66C4400B78504 /* Resources */ = {
			isa = PBXResourcesBuildPhase;
			buildActionMask = 2147483647;
			files = (
				B63E950822F66C4600B78504 /* LaunchScreen.storyboard in Resources */,
				B63E950522F66C4600B78504 /* Assets.xcassets in Resources */,
				B63E950322F66C4400B78504 /* Main.storyboard in Resources */,
			);
			runOnlyForDeploymentPostprocessing = 0;
		};
		B63E950E22F66C4600B78504 /* Resources */ = {
			isa = PBXResourcesBuildPhase;
			buildActionMask = 2147483647;
			files = (
			);
			runOnlyForDeploymentPostprocessing = 0;
		};
		B63E951922F66C4600B78504 /* Resources */ = {
			isa = PBXResourcesBuildPhase;
			buildActionMask = 2147483647;
			files = (
			);
			runOnlyForDeploymentPostprocessing = 0;
		};
/* End PBXResourcesBuildPhase section */

/* Begin PBXSourcesBuildPhase section */
		B63E94F422F66C4400B78504 /* Sources */ = {
			isa = PBXSourcesBuildPhase;
			buildActionMask = 2147483647;
			files = (
				B63E950022F66C4400B78504 /* ViewController.m in Sources */,
				B63E950B22F66C4600B78504 /* main.m in Sources */,
				B63E94FD22F66C4400B78504 /* AppDelegate.m in Sources */,
			);
			runOnlyForDeploymentPostprocessing = 0;
		};
		B63E950C22F66C4600B78504 /* Sources */ = {
			isa = PBXSourcesBuildPhase;
			buildActionMask = 2147483647;
			files = (
				B63E951522F66C4600B78504 /* bookCollectionTests.m in Sources */,
			);
			runOnlyForDeploymentPostprocessing = 0;
		};
		B63E951722F66C4600B78504 /* Sources */ = {
			isa = PBXSourcesBuildPhase;
			buildActionMask = 2147483647;
			files = (
				B63E952022F66C4600B78504 /* bookCollectionUITests.m in Sources */,
			);
			runOnlyForDeploymentPostprocessing = 0;
		};
/* End PBXSourcesBuildPhase section */

/* Begin PBXTargetDependency section */
		B63E951222F66C4600B78504 /* PBXTargetDependency */ = {
			isa = PBXTargetDependency;
			target = B63E94F722F66C4400B78504 /* bookCollection */;
			targetProxy = B63E951122F66C4600B78504 /* PBXContainerItemProxy */;
		};
		B63E951D22F66C4600B78504 /* PBXTargetDependency */ = {
			isa = PBXTargetDependency;
			target = B63E94F722F66C4400B78504 /* bookCollection */;
			targetProxy = B63E951C22F66C4600B78504 /* PBXContainerItemProxy */;
		};
/* End PBXTargetDependency section */

/* Begin PBXVariantGroup section */
		B63E950122F66C4400B78504 /* Main.storyboard */ = {
			isa = PBXVariantGroup;
			children = (
				B63E950222F66C4400B78504 /* Base */,
			);
			name = Main.storyboard;
			sourceTree = "<group>";
		};
		B63E950622F66C4600B78504 /* LaunchScreen.storyboard */ = {
			isa = PBXVariantGroup;
			children = (
				B63E950722F66C4600B78504 /* Base */,
			);
			name = LaunchScreen.storyboard;
			sourceTree = "<group>";
		};
/* End PBXVariantGroup section */

/* Begin XCBuildConfiguration section */
		B63E952222F66C4600B78504 /* Debug */ = {
			isa = XCBuildConfiguration;
			buildSettings = {
				ALWAYS_SEARCH_USER_PATHS = NO;
				CLANG_ANALYZER_NONNULL = YES;
				CLANG_ANALYZER_NUMBER_OBJECT_CONVERSION = YES_AGGRESSIVE;
				CLANG_CXX_LANGUAGE_STANDARD = "gnu++14";
				CLANG_CXX_LIBRARY = "libc++";
				CLANG_ENABLE_MODULES = YES;
				CLANG_ENABLE_OBJC_ARC = YES;
				CLANG_ENABLE_OBJC_WEAK = YES;
				CLANG_WARN_BLOCK_CAPTURE_AUTORELEASING = YES;
				CLANG_WARN_BOOL_CONVERSION = YES;
				CLANG_WARN_COMMA = YES;
				CLANG_WARN_CONSTANT_CONVERSION = YES;
				CLANG_WARN_DEPRECATED_OBJC_IMPLEMENTATIONS = YES;
				CLANG_WARN_DIRECT_OBJC_ISA_USAGE = YES_ERROR;
				CLANG_WARN_DOCUMENTATION_COMMENTS = YES;
				CLANG_WARN_EMPTY_BODY = YES;
				CLANG_WARN_ENUM_CONVERSION = YES;
				CLANG_WARN_INFINITE_RECURSION = YES;
				CLANG_WARN_INT_CONVERSION = YES;
				CLANG_WARN_NON_LITERAL_NULL_CONVERSION = YES;
				CLANG_WARN_OBJC_IMPLICIT_RETAIN_SELF = YES;
				CLANG_WARN_OBJC_LITERAL_CONVERSION = YES;
				CLANG_WARN_OBJC_ROOT_CLASS = YES_ERROR;
				CLANG_WARN_RANGE_LOOP_ANALYSIS = YES;
				CLANG_WARN_STRICT_PROTOTYPES = YES;
				CLANG_WARN_SUSPICIOUS_MOVE = YES;
				CLANG_WARN_UNGUARDED_AVAILABILITY = YES_AGGRESSIVE;
				CLANG_WARN_UNREACHABLE_CODE = YES;
				CLANG_WARN__DUPLICATE_METHOD_MATCH = YES;
				CODE_SIGN_IDENTITY = "iPhone Developer";
				COPY_PHASE_STRIP = NO;
				DEBUG_INFORMATION_FORMAT = dwarf;
				ENABLE_STRICT_OBJC_MSGSEND = YES;
				ENABLE_TESTABILITY = YES;
				GCC_C_LANGUAGE_STANDARD = gnu11;
				GCC_DYNAMIC_NO_PIC = NO;
				GCC_NO_COMMON_BLOCKS = YES;
				GCC_OPTIMIZATION_LEVEL = 0;
				GCC_PREPROCESSOR_DEFINITIONS = (
					"DEBUG=1",
					"$(inherited)",
				);
				GCC_WARN_64_TO_32_BIT_CONVERSION = YES;
				GCC_WARN_ABOUT_RETURN_TYPE = YES_ERROR;
				GCC_WARN_UNDECLARED_SELECTOR = YES;
				GCC_WARN_UNINITIALIZED_AUTOS = YES_AGGRESSIVE;
				GCC_WARN_UNUSED_FUNCTION = YES;
				GCC_WARN_UNUSED_VARIABLE = YES;
				IPHONEOS_DEPLOYMENT_TARGET = 12.2;
				MTL_ENABLE_DEBUG_INFO = INCLUDE_SOURCE;
				MTL_FAST_MATH = YES;
				ONLY_ACTIVE_ARCH = YES;
				SDKROOT = iphoneos;
			};
			name = Debug;
		};
		B63E952322F66C4600B78504 /* Release */ = {
			isa = XCBuildConfiguration;
			buildSettings = {
				ALWAYS_SEARCH_USER_PATHS = NO;
				CLANG_ANALYZER_NONNULL = YES;
				CLANG_ANALYZER_NUMBER_OBJECT_CONVERSION = YES_AGGRESSIVE;
				CLANG_CXX_LANGUAGE_STANDARD = "gnu++14";
				CLANG_CXX_LIBRARY = "libc++";
				CLANG_ENABLE_MODULES = YES;
				CLANG_ENABLE_OBJC_ARC = YES;
				CLANG_ENABLE_OBJC_WEAK = YES;
				CLANG_WARN_BLOCK_CAPTURE_AUTORELEASING = YES;
				CLANG_WARN_BOOL_CONVERSION = YES;
				CLANG_WARN_COMMA = YES;
				CLANG_WARN_CONSTANT_CONVERSION = YES;
				CLANG_WARN_DEPRECATED_OBJC_IMPLEMENTATIONS = YES;
				CLANG_WARN_DIRECT_OBJC_ISA_USAGE = YES_ERROR;
				CLANG_WARN_DOCUMENTATION_COMMENTS = YES;
				CLANG_WARN_EMPTY_BODY = YES;
				CLANG_WARN_ENUM_CONVERSION = YES;
				CLANG_WARN_INFINITE_RECURSION = YES;
				CLANG_WARN_INT_CONVERSION = YES;
				CLANG_WARN_NON_LITERAL_NULL_CONVERSION = YES;
				CLANG_WARN_OBJC_IMPLICIT_RETAIN_SELF = YES;
				CLANG_WARN_OBJC_LITERAL_CONVERSION = YES;
				CLANG_WARN_OBJC_ROOT_CLASS = YES_ERROR;
				CLANG_WARN_RANGE_LOOP_ANALYSIS = YES;
				CLANG_WARN_STRICT_PROTOTYPES = YES;
				CLANG_WARN_SUSPICIOUS_MOVE = YES;
				CLANG_WARN_UNGUARDED_AVAILABILITY = YES_AGGRESSIVE;
				CLANG_WARN_UNREACHABLE_CODE = YES;
				CLANG_WARN__DUPLICATE_METHOD_MATCH = YES;
				CODE_SIGN_IDENTITY = "iPhone Developer";
				COPY_PHASE_STRIP = NO;
				DEBUG_INFORMATION_FORMAT = "dwarf-with-dsym";
				ENABLE_NS_ASSERTIONS = NO;
				ENABLE_STRICT_OBJC_MSGSEND = YES;
				GCC_C_LANGUAGE_STANDARD = gnu11;
				GCC_NO_COMMON_BLOCKS = YES;
				GCC_WARN_64_TO_32_BIT_CONVERSION = YES;
				GCC_WARN_ABOUT_RETURN_TYPE = YES_ERROR;
				GCC_WARN_UNDECLARED_SELECTOR = YES;
				GCC_WARN_UNINITIALIZED_AUTOS = YES_AGGRESSIVE;
				GCC_WARN_UNUSED_FUNCTION = YES;
				GCC_WARN_UNUSED_VARIABLE = YES;
				IPHONEOS_DEPLOYMENT_TARGET = 12.2;
				MTL_ENABLE_DEBUG_INFO = NO;
				MTL_FAST_MATH = YES;
				SDKROOT = iphoneos;
				VALIDATE_PRODUCT = YES;
			};
			name = Release;
		};
		B63E952522F66C4600B78504 /* Debug */ = {
			isa = XCBuildConfiguration;
			buildSettings = {
				ASSETCATALOG_COMPILER_APPICON_NAME = AppIcon;
				CODE_SIGN_STYLE = Automatic;
				INFOPLIST_FILE = bookCollection/Info.plist;
				LD_RUNPATH_SEARCH_PATHS = (
					"$(inherited)",
					"@executable_path/Frameworks",
				);
				PRODUCT_BUNDLE_IDENTIFIER = dev.bughub.study.bookCollection;
				PRODUCT_NAME = "$(TARGET_NAME)";
				TARGETED_DEVICE_FAMILY = "1,2";
			};
			name = Debug;
		};
		B63E952622F66C4600B78504 /* Release */ = {
			isa = XCBuildConfiguration;
			buildSettings = {
				ASSETCATALOG_COMPILER_APPICON_NAME = AppIcon;
				CODE_SIGN_STYLE = Automatic;
				INFOPLIST_FILE = bookCollection/Info.plist;
				LD_RUNPATH_SEARCH_PATHS = (
					"$(inherited)",
					"@executable_path/Frameworks",
				);
				PRODUCT_BUNDLE_IDENTIFIER = dev.bughub.study.bookCollection;
				PRODUCT_NAME = "$(TARGET_NAME)";
				TARGETED_DEVICE_FAMILY = "1,2";
			};
			name = Release;
		};
		B63E952822F66C4600B78504 /* Debug */ = {
			isa = XCBuildConfiguration;
			buildSettings = {
				BUNDLE_LOADER = "$(TEST_HOST)";
				CODE_SIGN_STYLE = Automatic;
				INFOPLIST_FILE = bookCollectionTests/Info.plist;
				LD_RUNPATH_SEARCH_PATHS = (
					"$(inherited)",
					"@executable_path/Frameworks",
					"@loader_path/Frameworks",
				);
				PRODUCT_BUNDLE_IDENTIFIER = dev.bughub.study.bookCollectionTests;
				PRODUCT_NAME = "$(TARGET_NAME)";
				TARGETED_DEVICE_FAMILY = "1,2";
				TEST_HOST = "$(BUILT_PRODUCTS_DIR)/bookCollection.app/bookCollection";
			};
			name = Debug;
		};
		B63E952922F66C4600B78504 /* Release */ = {
			isa = XCBuildConfiguration;
			buildSettings = {
				BUNDLE_LOADER = "$(TEST_HOST)";
				CODE_SIGN_STYLE = Automatic;
				INFOPLIST_FILE = bookCollectionTests/Info.plist;
				LD_RUNPATH_SEARCH_PATHS = (
					"$(inherited)",
					"@executable_path/Frameworks",
					"@loader_path/Frameworks",
				);
				PRODUCT_BUNDLE_IDENTIFIER = dev.bughub.study.bookCollectionTests;
				PRODUCT_NAME = "$(TARGET_NAME)";
				TARGETED_DEVICE_FAMILY = "1,2";
				TEST_HOST = "$(BUILT_PRODUCTS_DIR)/bookCollection.app/bookCollection";
			};
			name = Release;
		};
		B63E952B22F66C4600B78504 /* Debug */ = {
			isa = XCBuildConfiguration;
			buildSettings = {
				CODE_SIGN_STYLE = Automatic;
				INFOPLIST_FILE = bookCollectionUITests/Info.plist;
				LD_RUNPATH_SEARCH_PATHS = (
					"$(inherited)",
					"@executable_path/Frameworks",
					"@loader_path/Frameworks",
				);
				PRODUCT_BUNDLE_IDENTIFIER = dev.bughub.study.bookCollectionUITests;
				PRODUCT_NAME = "$(TARGET_NAME)";
				TARGETED_DEVICE_FAMILY = "1,2";
				TEST_TARGET_NAME = bookCollection;
			};
			name = Debug;
		};
		B63E952C22F66C4600B78504 /* Release */ = {
			isa = XCBuildConfiguration;
			buildSettings = {
				CODE_SIGN_STYLE = Automatic;
				INFOPLIST_FILE = bookCollectionUITests/Info.plist;
				LD_RUNPATH_SEARCH_PATHS = (
					"$(inherited)",
					"@executable_path/Frameworks",
					"@loader_path/Frameworks",
				);
				PRODUCT_BUNDLE_IDENTIFIER = dev.bughub.study.bookCollectionUITests;
				PRODUCT_NAME = "$(TARGET_NAME)";
				TARGETED_DEVICE_FAMILY = "1,2";
				TEST_TARGET_NAME = bookCollection;
			};
			name = Release;
		};
/* End XCBuildConfiguration section */

/* Begin XCConfigurationList section */
		B63E94F322F66C4400B78504 /* Build configuration list for PBXProject "bookCollection" */ = {
			isa = XCConfigurationList;
			buildConfigurations = (
				B63E952222F66C4600B78504 /* Debug */,
				B63E952322F66C4600B78504 /* Release */,
			);
			defaultConfigurationIsVisible = 0;
			defaultConfigurationName = Release;
		};
		B63E952422F66C4600B78504 /* Build configuration list for PBXNativeTarget "bookCollection" */ = {
			isa = XCConfigurationList;
			buildConfigurations = (
				B63E952522F66C4600B78504 /* Debug */,
				B63E952622F66C4600B78504 /* Release */,
			);
			defaultConfigurationIsVisible = 0;
			defaultConfigurationName = Release;
		};
		B63E952722F66C4600B78504 /* Build configuration list for PBXNativeTarget "bookCollectionTests" */ = {
			isa = XCConfigurationList;
			buildConfigurations = (
				B63E952822F66C4600B78504 /* Debug */,
				B63E952922F66C4600B78504 /* Release */,
			);
			defaultConfigurationIsVisible = 0;
			defaultConfigurationName = Release;
		};
		B63E952A22F66C4600B78504 /* Build configuration list for PBXNativeTarget "bookCollectionUITests" */ = {
			isa = XCConfigurationList;
			buildConfigurations = (
				B63E952B22F66C4600B78504 /* Debug */,
				B63E952C22F66C4600B78504 /* Release */,
			);
			defaultConfigurationIsVisible = 0;
			defaultConfigurationName = Release;
		};
/* End XCConfigurationList section */
	};
	rootObject = B63E94F022F66C4400B78504 /* Project object */;
}
